
Microsoft Visual Studio Solution File, Format Version 12.00
# Visual Studio Version 16
VisualStudioVersion = 16.0.30523.141
MinimumVisualStudioVersion = 10.0.40219.1
Project("{FAE04EC0-301F-11D3-BF4B-00C04F79EFBC}") = "MetaTraderIPC", "MetaTraderIPC\MetaTraderIPC.csproj", "{536AEB70-7386-4F29-8CB1-742B14B092F2}"
EndProject
Project("{FAE04EC0-301F-11D3-BF4B-00C04F79EFBC}") = "MTIPC", "MTIPC\MTIPC.csproj", "{6C7FA07F-FD46-4826-8DE8-B9F7665CFF50}"
EndProject
Global
	GlobalSection(SolutionConfigurationPlatforms) = preSolution
		Debug|Any CPU = Debug|Any CPU
		Release|Any CPU = Release|Any CPU
	EndGlobalSection
	GlobalSection(ProjectConfigurationPlatforms) = postSolution
		{536AEB70-7386-4F29-8CB1-742B14B092F2}.Debug|Any CPU.ActiveCfg = Debug|Any CPU
		{536AEB70-7386-4F29-8CB1-742B14B092F2}.Debug|Any CPU.Build.0 = Debug|Any CPU
		{536AEB70-7386-4F29-8CB1-742B14B092F2}.Release|Any CPU.ActiveCfg = Release|Any CPU
		{536AEB70-7386-4F29-8CB1-742B14B092F2}.Release|Any CPU.Build.0 = Release|Any CPU
		{6C7FA07F-FD46-4826-8DE8-B9F7665CFF50}.Debug|Any CPU.ActiveCfg = Debug|Any CPU
		{6C7FA07F-FD46-4826-8DE8-B9F7665CFF50}.Debug|Any CPU.Build.0 = Debug|Any CPU
		{6C7FA07F-FD46-4826-8DE8-B9F7665CFF50}.Release|Any CPU.ActiveCfg = Release|Any CPU
		{6C7FA07F-FD46-4826-8DE8-B9F7665CFF50}.Release|Any CPU.Build.0 = Release|Any CPU
	EndGlobalSection
	GlobalSection(SolutionProperties) = preSolution
		HideSolutionNode = FALSE
	EndGlobalSection
	GlobalSection(ExtensibilityGlobals) = postSolution
		SolutionGuid = {32364332-AADA-485C-B074-FF25091EF457}
	EndGlobalSection
EndGlobal
